
Microsoft Visual Studio Solution File, Format Version 12.00
# Visual Studio Version 17
VisualStudioVersion = 17.2.32616.157
MinimumVisualStudioVersion = 10.0.40219.1
Project("{2150E333-8FDC-42A3-9474-1A3956D46DE8}") = "deployment", "deployment", "{404D7FA1-076D-403A-A629-D93954D1728B}"
EndProject
Project("{2150E333-8FDC-42A3-9474-1A3956D46DE8}") = "src", "src", "{C2CD4CEC-6E28-4F8A-B78F-8391C6B29242}"
EndProject
Project("{2150E333-8FDC-42A3-9474-1A3956D46DE8}") = "tests", "tests", "{F53E5A7F-2461-4B9A-9825-5115DB99B06B}"
EndProject
Project("{FAE04EC0-301F-11D3-BF4B-00C04F79EFBC}") = "Instagram.Domain", "Instagram.Domain\Instagram.Domain.csproj", "{955FB8FD-5926-4843-BBD6-205C98E5C1EE}"
EndProject
Project("{FAE04EC0-301F-11D3-BF4B-00C04F79EFBC}") = "Instagram.Data", "Instagram.Data\Instagram.Data.csproj", "{EE99BF1C-CDA0-4B45-991D-1E8113C2D42C}"
EndProject
Global
	GlobalSection(SolutionConfigurationPlatforms) = preSolution
		Debug|Any CPU = Debug|Any CPU
		Release|Any CPU = Release|Any CPU
	EndGlobalSection
	GlobalSection(ProjectConfigurationPlatforms) = postSolution
		{955FB8FD-5926-4843-BBD6-205C98E5C1EE}.Debug|Any CPU.ActiveCfg = Debug|Any CPU
		{955FB8FD-5926-4843-BBD6-205C98E5C1EE}.Debug|Any CPU.Build.0 = Debug|Any CPU
		{955FB8FD-5926-4843-BBD6-205C98E5C1EE}.Release|Any CPU.ActiveCfg = Release|Any CPU
		{955FB8FD-5926-4843-BBD6-205C98E5C1EE}.Release|Any CPU.Build.0 = Release|Any CPU
		{EE99BF1C-CDA0-4B45-991D-1E8113C2D42C}.Debug|Any CPU.ActiveCfg = Debug|Any CPU
		{EE99BF1C-CDA0-4B45-991D-1E8113C2D42C}.Debug|Any CPU.Build.0 = Debug|Any CPU
		{EE99BF1C-CDA0-4B45-991D-1E8113C2D42C}.Release|Any CPU.ActiveCfg = Release|Any CPU
		{EE99BF1C-CDA0-4B45-991D-1E8113C2D42C}.Release|Any CPU.Build.0 = Release|Any CPU
	EndGlobalSection
	GlobalSection(SolutionProperties) = preSolution
		HideSolutionNode = FALSE
	EndGlobalSection
	GlobalSection(NestedProjects) = preSolution
		{955FB8FD-5926-4843-BBD6-205C98E5C1EE} = {C2CD4CEC-6E28-4F8A-B78F-8391C6B29242}
		{EE99BF1C-CDA0-4B45-991D-1E8113C2D42C} = {C2CD4CEC-6E28-4F8A-B78F-8391C6B29242}
	EndGlobalSection
	GlobalSection(ExtensibilityGlobals) = postSolution
		SolutionGuid = {1598584D-FD67-4C20-9422-059848332A28}
	EndGlobalSection
EndGlobal
